
Microsoft Visual Studio Solution File, Format Version 12.00
# Visual Studio 2015
Project("{FAE04EC0-301F-11D3-BF4B-00C04F79EFBC}") = "LudwigBTask2Game-master", "LudwigBTask2Game-master.csproj", "{119C919E-77B1-53BF-6317-52BE4F998BED}"
EndProject
Global
	GlobalSection(SolutionConfigurationPlatforms) = preSolution
		Debug|Any CPU = Debug|Any CPU
		Release|Any CPU = Release|Any CPU
	EndGlobalSection
	GlobalSection(ProjectConfigurationPlatforms) = postSolution
		{119C919E-77B1-53BF-6317-52BE4F998BED}.Debug|Any CPU.ActiveCfg = Debug|Any CPU
		{119C919E-77B1-53BF-6317-52BE4F998BED}.Debug|Any CPU.Build.0 = Debug|Any CPU
		{119C919E-77B1-53BF-6317-52BE4F998BED}.Release|Any CPU.ActiveCfg = Release|Any CPU
		{119C919E-77B1-53BF-6317-52BE4F998BED}.Release|Any CPU.Build.0 = Release|Any CPU
	EndGlobalSection
	GlobalSection(SolutionProperties) = preSolution
		HideSolutionNode = FALSE
	EndGlobalSection
EndGlobal
